
Microsoft Visual Studio Solution File, Format Version 12.00
# Visual Studio Version 17
VisualStudioVersion = 17.14.36518.9
MinimumVisualStudioVersion = 10.0.40219.1
Project("{FAE04EC0-301F-11D3-BF4B-00C04F79EFBC}") = "ex01", "ex01\ex01.csproj", "{E3334B15-4658-437D-82FA-F7140CDC567A}"
EndProject
Project("{FAE04EC0-301F-11D3-BF4B-00C04F79EFBC}") = "ex02", "ex02\ex02.csproj", "{B3F06CC1-BD66-4C8F-9071-9B3F829333A8}"
EndProject
Project("{FAE04EC0-301F-11D3-BF4B-00C04F79EFBC}") = "ex03", "ex03\ex03.csproj", "{7352078E-7987-4BBA-9847-C391CF219CBF}"
EndProject
Project("{FAE04EC0-301F-11D3-BF4B-00C04F79EFBC}") = "ex04", "ex04\ex04.csproj", "{A1536045-17D9-4B98-B1A4-2E39BB8772C0}"
EndProject
Project("{FAE04EC0-301F-11D3-BF4B-00C04F79EFBC}") = "ex05", "ex05\ex05.csproj", "{F9ED6FF6-9649-467E-B9F2-1D328BBE4882}"
EndProject
Project("{FAE04EC0-301F-11D3-BF4B-00C04F79EFBC}") = "ex06", "ex06\ex06.csproj", "{9FD1357E-9A8A-4382-A348-530D1BE9D6BF}"
EndProject
Project("{FAE04EC0-301F-11D3-BF4B-00C04F79EFBC}") = "ex07", "ex07\ex07.csproj", "{8A15A9B0-B315-40F5-8441-FED258F28238}"
EndProject
Project("{FAE04EC0-301F-11D3-BF4B-00C04F79EFBC}") = "ex08", "ex08\ex08.csproj", "{229EF4AE-1A13-4895-974A-0CF6682B20E9}"
EndProject
Project("{FAE04EC0-301F-11D3-BF4B-00C04F79EFBC}") = "ex09", "ex09\ex09.csproj", "{40AE6465-6E77-438B-85FD-67BAD123056E}"
EndProject
Project("{FAE04EC0-301F-11D3-BF4B-00C04F79EFBC}") = "ex10", "ex10\ex10.csproj", "{712EAB31-1B4C-46AA-A7BD-F127CFC607B9}"
EndProject
Project("{FAE04EC0-301F-11D3-BF4B-00C04F79EFBC}") = "ex11", "ex11\ex11.csproj", "{644CD033-4D69-47D9-BC9C-E359A5CF1619}"
EndProject
Project("{FAE04EC0-301F-11D3-BF4B-00C04F79EFBC}") = "ex12", "ex12\ex12.csproj", "{B957205C-78D4-47CD-B5F5-B45BFD6BC212}"
EndProject
Project("{FAE04EC0-301F-11D3-BF4B-00C04F79EFBC}") = "ex13", "ex13\ex13.csproj", "{F8221B4F-2FBF-47DB-AB43-60EC836DEA05}"
EndProject
Project("{FAE04EC0-301F-11D3-BF4B-00C04F79EFBC}") = "ex14", "ex14\ex14.csproj", "{24B6136D-9D79-4456-929D-AE23B756B890}"
EndProject
Project("{FAE04EC0-301F-11D3-BF4B-00C04F79EFBC}") = "ex15", "ex15\ex15.csproj", "{D547AE86-1119-4CF4-A6C8-D202EBC2DC33}"
EndProject
Project("{FAE04EC0-301F-11D3-BF4B-00C04F79EFBC}") = "ex16", "ex16\ex16.csproj", "{1B8008CE-95BF-45BE-A229-20A28523D13C}"
EndProject
Global
	GlobalSection(SolutionConfigurationPlatforms) = preSolution
		Debug|Any CPU = Debug|Any CPU
		Release|Any CPU = Release|Any CPU
	EndGlobalSection
	GlobalSection(ProjectConfigurationPlatforms) = postSolution
		{E3334B15-4658-437D-82FA-F7140CDC567A}.Debug|Any CPU.ActiveCfg = Debug|Any CPU
		{E3334B15-4658-437D-82FA-F7140CDC567A}.Debug|Any CPU.Build.0 = Debug|Any CPU
		{E3334B15-4658-437D-82FA-F7140CDC567A}.Release|Any CPU.ActiveCfg = Release|Any CPU
		{E3334B15-4658-437D-82FA-F7140CDC567A}.Release|Any CPU.Build.0 = Release|Any CPU
		{B3F06CC1-BD66-4C8F-9071-9B3F829333A8}.Debug|Any CPU.ActiveCfg = Debug|Any CPU
		{B3F06CC1-BD66-4C8F-9071-9B3F829333A8}.Debug|Any CPU.Build.0 = Debug|Any CPU
		{B3F06CC1-BD66-4C8F-9071-9B3F829333A8}.Release|Any CPU.ActiveCfg = Release|Any CPU
		{B3F06CC1-BD66-4C8F-9071-9B3F829333A8}.Release|Any CPU.Build.0 = Release|Any CPU
		{7352078E-7987-4BBA-9847-C391CF219CBF}.Debug|Any CPU.ActiveCfg = Debug|Any CPU
		{7352078E-7987-4BBA-9847-C391CF219CBF}.Debug|Any CPU.Build.0 = Debug|Any CPU
		{7352078E-7987-4BBA-9847-C391CF219CBF}.Release|Any CPU.ActiveCfg = Release|Any CPU
		{7352078E-7987-4BBA-9847-C391CF219CBF}.Release|Any CPU.Build.0 = Release|Any CPU
		{A1536045-17D9-4B98-B1A4-2E39BB8772C0}.Debug|Any CPU.ActiveCfg = Debug|Any CPU
		{A1536045-17D9-4B98-B1A4-2E39BB8772C0}.Debug|Any CPU.Build.0 = Debug|Any CPU
		{A1536045-17D9-4B98-B1A4-2E39BB8772C0}.Release|Any CPU.ActiveCfg = Release|Any CPU
		{A1536045-17D9-4B98-B1A4-2E39BB8772C0}.Release|Any CPU.Build.0 = Release|Any CPU
		{F9ED6FF6-9649-467E-B9F2-1D328BBE4882}.Debug|Any CPU.ActiveCfg = Debug|Any CPU
		{F9ED6FF6-9649-467E-B9F2-1D328BBE4882}.Debug|Any CPU.Build.0 = Debug|Any CPU
		{F9ED6FF6-9649-467E-B9F2-1D328BBE4882}.Release|Any CPU.ActiveCfg = Release|Any CPU
		{F9ED6FF6-9649-467E-B9F2-1D328BBE4882}.Release|Any CPU.Build.0 = Release|Any CPU
		{9FD1357E-9A8A-4382-A348-530D1BE9D6BF}.Debug|Any CPU.ActiveCfg = Debug|Any CPU
		{9FD1357E-9A8A-4382-A348-530D1BE9D6BF}.Debug|Any CPU.Build.0 = Debug|Any CPU
		{9FD1357E-9A8A-4382-A348-530D1BE9D6BF}.Release|Any CPU.ActiveCfg = Release|Any CPU
		{9FD1357E-9A8A-4382-A348-530D1BE9D6BF}.Release|Any CPU.Build.0 = Release|Any CPU
		{8A15A9B0-B315-40F5-8441-FED258F28238}.Debug|Any CPU.ActiveCfg = Debug|Any CPU
		{8A15A9B0-B315-40F5-8441-FED258F28238}.Debug|Any CPU.Build.0 = Debug|Any CPU
		{8A15A9B0-B315-40F5-8441-FED258F28238}.Release|Any CPU.ActiveCfg = Release|Any CPU
		{8A15A9B0-B315-40F5-8441-FED258F28238}.Release|Any CPU.Build.0 = Release|Any CPU
		{229EF4AE-1A13-4895-974A-0CF6682B20E9}.Debug|Any CPU.ActiveCfg = Debug|Any CPU
		{229EF4AE-1A13-4895-974A-0CF6682B20E9}.Debug|Any CPU.Build.0 = Debug|Any CPU
		{229EF4AE-1A13-4895-974A-0CF6682B20E9}.Release|Any CPU.ActiveCfg = Release|Any CPU
		{229EF4AE-1A13-4895-974A-0CF6682B20E9}.Release|Any CPU.Build.0 = Release|Any CPU
		{40AE6465-6E77-438B-85FD-67BAD123056E}.Debug|Any CPU.ActiveCfg = Debug|Any CPU
		{40AE6465-6E77-438B-85FD-67BAD123056E}.Debug|Any CPU.Build.0 = Debug|Any CPU
		{40AE6465-6E77-438B-85FD-67BAD123056E}.Release|Any CPU.ActiveCfg = Release|Any CPU
		{40AE6465-6E77-438B-85FD-67BAD123056E}.Release|Any CPU.Build.0 = Release|Any CPU
		{712EAB31-1B4C-46AA-A7BD-F127CFC607B9}.Debug|Any CPU.ActiveCfg = Debug|Any CPU
		{712EAB31-1B4C-46AA-A7BD-F127CFC607B9}.Debug|Any CPU.Build.0 = Debug|Any CPU
		{712EAB31-1B4C-46AA-A7BD-F127CFC607B9}.Release|Any CPU.ActiveCfg = Release|Any CPU
		{712EAB31-1B4C-46AA-A7BD-F127CFC607B9}.Release|Any CPU.Build.0 = Release|Any CPU
		{644CD033-4D69-47D9-BC9C-E359A5CF1619}.Debug|Any CPU.ActiveCfg = Debug|Any CPU
		{644CD033-4D69-47D9-BC9C-E359A5CF1619}.Debug|Any CPU.Build.0 = Debug|Any CPU
		{644CD033-4D69-47D9-BC9C-E359A5CF1619}.Release|Any CPU.ActiveCfg = Release|Any CPU
		{644CD033-4D69-47D9-BC9C-E359A5CF1619}.Release|Any CPU.Build.0 = Release|Any CPU
		{B957205C-78D4-47CD-B5F5-B45BFD6BC212}.Debug|Any CPU.ActiveCfg = Debug|Any CPU
		{B957205C-78D4-47CD-B5F5-B45BFD6BC212}.Debug|Any CPU.Build.0 = Debug|Any CPU
		{B957205C-78D4-47CD-B5F5-B45BFD6BC212}.Release|Any CPU.ActiveCfg = Release|Any CPU
		{B957205C-78D4-47CD-B5F5-B45BFD6BC212}.Release|Any CPU.Build.0 = Release|Any CPU
		{F8221B4F-2FBF-47DB-AB43-60EC836DEA05}.Debug|Any CPU.ActiveCfg = Debug|Any CPU
		{F8221B4F-2FBF-47DB-AB43-60EC836DEA05}.Debug|Any CPU.Build.0 = Debug|Any CPU
		{F8221B4F-2FBF-47DB-AB43-60EC836DEA05}.Release|Any CPU.ActiveCfg = Release|Any CPU
		{F8221B4F-2FBF-47DB-AB43-60EC836DEA05}.Release|Any CPU.Build.0 = Release|Any CPU
		{24B6136D-9D79-4456-929D-AE23B756B890}.Debug|Any CPU.ActiveCfg = Debug|Any CPU
		{24B6136D-9D79-4456-929D-AE23B756B890}.Debug|Any CPU.Build.0 = Debug|Any CPU
		{24B6136D-9D79-4456-929D-AE23B756B890}.Release|Any CPU.ActiveCfg = Release|Any CPU
		{24B6136D-9D79-4456-929D-AE23B756B890}.Release|Any CPU.Build.0 = Release|Any CPU
		{D547AE86-1119-4CF4-A6C8-D202EBC2DC33}.Debug|Any CPU.ActiveCfg = Debug|Any CPU
		{D547AE86-1119-4CF4-A6C8-D202EBC2DC33}.Debug|Any CPU.Build.0 = Debug|Any CPU
		{D547AE86-1119-4CF4-A6C8-D202EBC2DC33}.Release|Any CPU.ActiveCfg = Release|Any CPU
		{D547AE86-1119-4CF4-A6C8-D202EBC2DC33}.Release|Any CPU.Build.0 = Release|Any CPU
		{1B8008CE-95BF-45BE-A229-20A28523D13C}.Debug|Any CPU.ActiveCfg = Debug|Any CPU
		{1B8008CE-95BF-45BE-A229-20A28523D13C}.Debug|Any CPU.Build.0 = Debug|Any CPU
		{1B8008CE-95BF-45BE-A229-20A28523D13C}.Release|Any CPU.ActiveCfg = Release|Any CPU
		{1B8008CE-95BF-45BE-A229-20A28523D13C}.Release|Any CPU.Build.0 = Release|Any CPU
	EndGlobalSection
	GlobalSection(SolutionProperties) = preSolution
		HideSolutionNode = FALSE
	EndGlobalSection
	GlobalSection(ExtensibilityGlobals) = postSolution
		SolutionGuid = {FC2188CC-1EFC-4F5F-83F4-C84D9F1D68D2}
	EndGlobalSection
EndGlobal
