
Microsoft Visual Studio Solution File, Format Version 12.00
# Visual Studio Version 17
VisualStudioVersion = 17.14.36518.9
MinimumVisualStudioVersion = 10.0.40219.1
Project("{FAE04EC0-301F-11D3-BF4B-00C04F79EFBC}") = "ex01", "ex01\ex01.csproj", "{4111AF4F-44EB-4775-BC51-A2E7B1BABC3C}"
EndProject
Project("{FAE04EC0-301F-11D3-BF4B-00C04F79EFBC}") = "ex02", "ex02\ex02.csproj", "{908F054C-1BFB-45E1-BA41-FB57F27E1075}"
EndProject
Project("{FAE04EC0-301F-11D3-BF4B-00C04F79EFBC}") = "ex03", "ex03\ex03.csproj", "{C40D1987-DAE8-4BA6-87DE-919DB948A10A}"
EndProject
Project("{FAE04EC0-301F-11D3-BF4B-00C04F79EFBC}") = "ex04", "ex04\ex04.csproj", "{235DB7D4-3F72-43CE-9FE4-75A3300761DD}"
EndProject
Project("{FAE04EC0-301F-11D3-BF4B-00C04F79EFBC}") = "ex05", "ex05\ex05.csproj", "{2927AFA8-813E-4B3D-869A-5446877A70C3}"
EndProject
Project("{FAE04EC0-301F-11D3-BF4B-00C04F79EFBC}") = "ex06", "ex06\ex06.csproj", "{3B988499-4904-4209-B000-967E7308A20C}"
EndProject
Project("{FAE04EC0-301F-11D3-BF4B-00C04F79EFBC}") = "ex07", "ex07\ex07.csproj", "{DDDB8FE1-5B2D-4561-943C-7CA569CEC7F9}"
EndProject
Project("{FAE04EC0-301F-11D3-BF4B-00C04F79EFBC}") = "ex08", "ex08\ex08.csproj", "{E489D3B9-2233-41A6-B470-A9CEA41AB3FA}"
EndProject
Project("{FAE04EC0-301F-11D3-BF4B-00C04F79EFBC}") = "ex09", "ex09\ex09.csproj", "{C72A4B77-7750-4F2D-A61C-B7288573CE0E}"
EndProject
Project("{FAE04EC0-301F-11D3-BF4B-00C04F79EFBC}") = "ex10", "ex10\ex10.csproj", "{4E35CD23-E6F0-42D2-AF38-C424EA3A0CDC}"
EndProject
Project("{FAE04EC0-301F-11D3-BF4B-00C04F79EFBC}") = "ex11", "ex11\ex11.csproj", "{644852DD-2ECD-4287-ADAE-5B2CCB923AAA}"
EndProject
Project("{FAE04EC0-301F-11D3-BF4B-00C04F79EFBC}") = "ex12", "ex12\ex12.csproj", "{31E8B2F6-A431-4874-933D-A9B97CF256CC}"
EndProject
Project("{FAE04EC0-301F-11D3-BF4B-00C04F79EFBC}") = "ex13", "ex13\ex13.csproj", "{04BA9822-3B79-4C9F-80BB-E77460FDFFD5}"
EndProject
Project("{FAE04EC0-301F-11D3-BF4B-00C04F79EFBC}") = "ex14", "ex14\ex14.csproj", "{D89AC937-2F54-41C2-9579-6E7BD068D3B4}"
EndProject
Project("{FAE04EC0-301F-11D3-BF4B-00C04F79EFBC}") = "ex15", "ex15\ex15.csproj", "{2ECB3C3B-FBF2-4F15-AC2E-CEF0A9E74973}"
EndProject
Project("{FAE04EC0-301F-11D3-BF4B-00C04F79EFBC}") = "ex16", "ex16\ex16.csproj", "{85AF7506-54E6-474D-9C3D-EF2AAEA412E1}"
EndProject
Global
	GlobalSection(SolutionConfigurationPlatforms) = preSolution
		Debug|Any CPU = Debug|Any CPU
		Release|Any CPU = Release|Any CPU
	EndGlobalSection
	GlobalSection(ProjectConfigurationPlatforms) = postSolution
		{4111AF4F-44EB-4775-BC51-A2E7B1BABC3C}.Debug|Any CPU.ActiveCfg = Debug|Any CPU
		{4111AF4F-44EB-4775-BC51-A2E7B1BABC3C}.Debug|Any CPU.Build.0 = Debug|Any CPU
		{4111AF4F-44EB-4775-BC51-A2E7B1BABC3C}.Release|Any CPU.ActiveCfg = Release|Any CPU
		{4111AF4F-44EB-4775-BC51-A2E7B1BABC3C}.Release|Any CPU.Build.0 = Release|Any CPU
		{908F054C-1BFB-45E1-BA41-FB57F27E1075}.Debug|Any CPU.ActiveCfg = Debug|Any CPU
		{908F054C-1BFB-45E1-BA41-FB57F27E1075}.Debug|Any CPU.Build.0 = Debug|Any CPU
		{908F054C-1BFB-45E1-BA41-FB57F27E1075}.Release|Any CPU.ActiveCfg = Release|Any CPU
		{908F054C-1BFB-45E1-BA41-FB57F27E1075}.Release|Any CPU.Build.0 = Release|Any CPU
		{C40D1987-DAE8-4BA6-87DE-919DB948A10A}.Debug|Any CPU.ActiveCfg = Debug|Any CPU
		{C40D1987-DAE8-4BA6-87DE-919DB948A10A}.Debug|Any CPU.Build.0 = Debug|Any CPU
		{C40D1987-DAE8-4BA6-87DE-919DB948A10A}.Release|Any CPU.ActiveCfg = Release|Any CPU
		{C40D1987-DAE8-4BA6-87DE-919DB948A10A}.Release|Any CPU.Build.0 = Release|Any CPU
		{235DB7D4-3F72-43CE-9FE4-75A3300761DD}.Debug|Any CPU.ActiveCfg = Debug|Any CPU
		{235DB7D4-3F72-43CE-9FE4-75A3300761DD}.Debug|Any CPU.Build.0 = Debug|Any CPU
		{235DB7D4-3F72-43CE-9FE4-75A3300761DD}.Release|Any CPU.ActiveCfg = Release|Any CPU
		{235DB7D4-3F72-43CE-9FE4-75A3300761DD}.Release|Any CPU.Build.0 = Release|Any CPU
		{2927AFA8-813E-4B3D-869A-5446877A70C3}.Debug|Any CPU.ActiveCfg = Debug|Any CPU
		{2927AFA8-813E-4B3D-869A-5446877A70C3}.Debug|Any CPU.Build.0 = Debug|Any CPU
		{2927AFA8-813E-4B3D-869A-5446877A70C3}.Release|Any CPU.ActiveCfg = Release|Any CPU
		{2927AFA8-813E-4B3D-869A-5446877A70C3}.Release|Any CPU.Build.0 = Release|Any CPU
		{3B988499-4904-4209-B000-967E7308A20C}.Debug|Any CPU.ActiveCfg = Debug|Any CPU
		{3B988499-4904-4209-B000-967E7308A20C}.Debug|Any CPU.Build.0 = Debug|Any CPU
		{3B988499-4904-4209-B000-967E7308A20C}.Release|Any CPU.ActiveCfg = Release|Any CPU
		{3B988499-4904-4209-B000-967E7308A20C}.Release|Any CPU.Build.0 = Release|Any CPU
		{DDDB8FE1-5B2D-4561-943C-7CA569CEC7F9}.Debug|Any CPU.ActiveCfg = Debug|Any CPU
		{DDDB8FE1-5B2D-4561-943C-7CA569CEC7F9}.Debug|Any CPU.Build.0 = Debug|Any CPU
		{DDDB8FE1-5B2D-4561-943C-7CA569CEC7F9}.Release|Any CPU.ActiveCfg = Release|Any CPU
		{DDDB8FE1-5B2D-4561-943C-7CA569CEC7F9}.Release|Any CPU.Build.0 = Release|Any CPU
		{E489D3B9-2233-41A6-B470-A9CEA41AB3FA}.Debug|Any CPU.ActiveCfg = Debug|Any CPU
		{E489D3B9-2233-41A6-B470-A9CEA41AB3FA}.Debug|Any CPU.Build.0 = Debug|Any CPU
		{E489D3B9-2233-41A6-B470-A9CEA41AB3FA}.Release|Any CPU.ActiveCfg = Release|Any CPU
		{E489D3B9-2233-41A6-B470-A9CEA41AB3FA}.Release|Any CPU.Build.0 = Release|Any CPU
		{C72A4B77-7750-4F2D-A61C-B7288573CE0E}.Debug|Any CPU.ActiveCfg = Debug|Any CPU
		{C72A4B77-7750-4F2D-A61C-B7288573CE0E}.Debug|Any CPU.Build.0 = Debug|Any CPU
		{C72A4B77-7750-4F2D-A61C-B7288573CE0E}.Release|Any CPU.ActiveCfg = Release|Any CPU
		{C72A4B77-7750-4F2D-A61C-B7288573CE0E}.Release|Any CPU.Build.0 = Release|Any CPU
		{4E35CD23-E6F0-42D2-AF38-C424EA3A0CDC}.Debug|Any CPU.ActiveCfg = Debug|Any CPU
		{4E35CD23-E6F0-42D2-AF38-C424EA3A0CDC}.Debug|Any CPU.Build.0 = Debug|Any CPU
		{4E35CD23-E6F0-42D2-AF38-C424EA3A0CDC}.Release|Any CPU.ActiveCfg = Release|Any CPU
		{4E35CD23-E6F0-42D2-AF38-C424EA3A0CDC}.Release|Any CPU.Build.0 = Release|Any CPU
		{644852DD-2ECD-4287-ADAE-5B2CCB923AAA}.Debug|Any CPU.ActiveCfg = Debug|Any CPU
		{644852DD-2ECD-4287-ADAE-5B2CCB923AAA}.Debug|Any CPU.Build.0 = Debug|Any CPU
		{644852DD-2ECD-4287-ADAE-5B2CCB923AAA}.Release|Any CPU.ActiveCfg = Release|Any CPU
		{644852DD-2ECD-4287-ADAE-5B2CCB923AAA}.Release|Any CPU.Build.0 = Release|Any CPU
		{31E8B2F6-A431-4874-933D-A9B97CF256CC}.Debug|Any CPU.ActiveCfg = Debug|Any CPU
		{31E8B2F6-A431-4874-933D-A9B97CF256CC}.Debug|Any CPU.Build.0 = Debug|Any CPU
		{31E8B2F6-A431-4874-933D-A9B97CF256CC}.Release|Any CPU.ActiveCfg = Release|Any CPU
		{31E8B2F6-A431-4874-933D-A9B97CF256CC}.Release|Any CPU.Build.0 = Release|Any CPU
		{04BA9822-3B79-4C9F-80BB-E77460FDFFD5}.Debug|Any CPU.ActiveCfg = Debug|Any CPU
		{04BA9822-3B79-4C9F-80BB-E77460FDFFD5}.Debug|Any CPU.Build.0 = Debug|Any CPU
		{04BA9822-3B79-4C9F-80BB-E77460FDFFD5}.Release|Any CPU.ActiveCfg = Release|Any CPU
		{04BA9822-3B79-4C9F-80BB-E77460FDFFD5}.Release|Any CPU.Build.0 = Release|Any CPU
		{D89AC937-2F54-41C2-9579-6E7BD068D3B4}.Debug|Any CPU.ActiveCfg = Debug|Any CPU
		{D89AC937-2F54-41C2-9579-6E7BD068D3B4}.Debug|Any CPU.Build.0 = Debug|Any CPU
		{D89AC937-2F54-41C2-9579-6E7BD068D3B4}.Release|Any CPU.ActiveCfg = Release|Any CPU
		{D89AC937-2F54-41C2-9579-6E7BD068D3B4}.Release|Any CPU.Build.0 = Release|Any CPU
		{2ECB3C3B-FBF2-4F15-AC2E-CEF0A9E74973}.Debug|Any CPU.ActiveCfg = Debug|Any CPU
		{2ECB3C3B-FBF2-4F15-AC2E-CEF0A9E74973}.Debug|Any CPU.Build.0 = Debug|Any CPU
		{2ECB3C3B-FBF2-4F15-AC2E-CEF0A9E74973}.Release|Any CPU.ActiveCfg = Release|Any CPU
		{2ECB3C3B-FBF2-4F15-AC2E-CEF0A9E74973}.Release|Any CPU.Build.0 = Release|Any CPU
		{85AF7506-54E6-474D-9C3D-EF2AAEA412E1}.Debug|Any CPU.ActiveCfg = Debug|Any CPU
		{85AF7506-54E6-474D-9C3D-EF2AAEA412E1}.Debug|Any CPU.Build.0 = Debug|Any CPU
		{85AF7506-54E6-474D-9C3D-EF2AAEA412E1}.Release|Any CPU.ActiveCfg = Release|Any CPU
		{85AF7506-54E6-474D-9C3D-EF2AAEA412E1}.Release|Any CPU.Build.0 = Release|Any CPU
	EndGlobalSection
	GlobalSection(SolutionProperties) = preSolution
		HideSolutionNode = FALSE
	EndGlobalSection
	GlobalSection(ExtensibilityGlobals) = postSolution
		SolutionGuid = {0C05CC11-13AA-4786-BC26-7687B65702F6}
	EndGlobalSection
EndGlobal
