
Microsoft Visual Studio Solution File, Format Version 12.00
# Visual Studio Version 17
VisualStudioVersion = 17.14.36623.8 d17.14
MinimumVisualStudioVersion = 10.0.40219.1
Project("{FAE04EC0-301F-11D3-BF4B-00C04F79EFBC}") = "ex1", "ex1\ex1.csproj", "{7367EF9B-7028-4EF8-8ADA-FBE498E92B04}"
EndProject
Global
	GlobalSection(SolutionConfigurationPlatforms) = preSolution
		Debug|Any CPU = Debug|Any CPU
		Release|Any CPU = Release|Any CPU
	EndGlobalSection
	GlobalSection(ProjectConfigurationPlatforms) = postSolution
		{7367EF9B-7028-4EF8-8ADA-FBE498E92B04}.Debug|Any CPU.ActiveCfg = Debug|Any CPU
		{7367EF9B-7028-4EF8-8ADA-FBE498E92B04}.Debug|Any CPU.Build.0 = Debug|Any CPU
		{7367EF9B-7028-4EF8-8ADA-FBE498E92B04}.Release|Any CPU.ActiveCfg = Release|Any CPU
		{7367EF9B-7028-4EF8-8ADA-FBE498E92B04}.Release|Any CPU.Build.0 = Release|Any CPU
	EndGlobalSection
	GlobalSection(SolutionProperties) = preSolution
		HideSolutionNode = FALSE
	EndGlobalSection
	GlobalSection(ExtensibilityGlobals) = postSolution
		SolutionGuid = {642D6C25-795C-4B3D-80A2-FA2AB79597E8}
	EndGlobalSection
EndGlobal
